{
  "name": "graph-lib",
  "version": "0.1.0",
  "lockfileVersion": 1,
  "requires": true,
  "dependencies": {
    "@types/lodash": {
      "version": "4.14.91",
      "resolved": "http://snpm.cnsuning.com:80/@types%2flodash/-/lodash-4.14.91.tgz",
      "integrity": "sha1-eUYRsoBW0WtUNgWcbYALOdVzzTo="
    },
    "lodash": {
      "version": "4.17.4",
      "resolved": "http://snpm.cnsuning.com:80/lodash/-/lodash-4.17.4.tgz",
      "integrity": "sha1-eCA6TRwyiuHYbcpkYONptX9AVa4="
    },
    "typescript": {
      "version": "2.6.1",
      "resolved": "http://snpm.cnsuning.com/typescript/-/typescript-2.6.1.tgz",
      "integrity": "sha1-7znN6ierrAtQAkLWcmq5DgyEZjE=",
      "dev": true
    }
  }
}
